
Microsoft Visual Studio Solution File, Format Version 12.00
Project("{FAE04EC0-301F-11D3-BF4B-00C04F79EFBC}") = "Database.Workshop", "Database.Workshop\Database.Workshop.csproj", "{7CB22500-85F5-43EB-A4D4-CFDAD803936B}"
EndProject
Global
	GlobalSection(SolutionConfigurationPlatforms) = preSolution
		Debug|Any CPU = Debug|Any CPU
		Release|Any CPU = Release|Any CPU
	EndGlobalSection
	GlobalSection(ProjectConfigurationPlatforms) = postSolution
		{7CB22500-85F5-43EB-A4D4-CFDAD803936B}.Debug|Any CPU.ActiveCfg = Debug|Any CPU
		{7CB22500-85F5-43EB-A4D4-CFDAD803936B}.Debug|Any CPU.Build.0 = Debug|Any CPU
		{7CB22500-85F5-43EB-A4D4-CFDAD803936B}.Release|Any CPU.ActiveCfg = Release|Any CPU
		{7CB22500-85F5-43EB-A4D4-CFDAD803936B}.Release|Any CPU.Build.0 = Release|Any CPU
	EndGlobalSection
EndGlobal
